
Microsoft Visual Studio Solution File, Format Version 12.00
# Visual Studio 15
Project("{FAE04EC0-301F-11D3-BF4B-00C04F79EFBC}") = "ShellDemoApp.Android", "ShellDemoApp.Android\ShellDemoApp.Android.csproj", "{25D8ABAF-2CED-4563-8AF8-390E3AD2BBB9}"
EndProject
Project("{FAE04EC0-301F-11D3-BF4B-00C04F79EFBC}") = "ShellDemoApp.iOS", "ShellDemoApp.iOS\ShellDemoApp.iOS.csproj", "{84C49F0C-2B23-4C38-8C48-3E48A4DCCD6B}"
EndProject
Project("{FAE04EC0-301F-11D3-BF4B-00C04F79EFBC}") = "ShellDemoApp", "ShellDemoApp\ShellDemoApp.csproj", "{A95ED6A6-1B52-4971-9051-62784FDCCEB4}"
EndProject
Global
	GlobalSection(SolutionConfigurationPlatforms) = preSolution
		Debug|Any CPU = Debug|Any CPU
		Release|Any CPU = Release|Any CPU
		Debug|iPhoneSimulator = Debug|iPhoneSimulator
		Release|iPhoneSimulator = Release|iPhoneSimulator
		Debug|iPhone = Debug|iPhone
		Release|iPhone = Release|iPhone
	EndGlobalSection
	GlobalSection(ProjectConfigurationPlatforms) = postSolution
		{25D8ABAF-2CED-4563-8AF8-390E3AD2BBB9}.Debug|Any CPU.ActiveCfg = Debug|Any CPU
		{25D8ABAF-2CED-4563-8AF8-390E3AD2BBB9}.Debug|Any CPU.Build.0 = Debug|Any CPU
		{25D8ABAF-2CED-4563-8AF8-390E3AD2BBB9}.Release|Any CPU.ActiveCfg = Release|Any CPU
		{25D8ABAF-2CED-4563-8AF8-390E3AD2BBB9}.Release|Any CPU.Build.0 = Release|Any CPU
		{25D8ABAF-2CED-4563-8AF8-390E3AD2BBB9}.Debug|iPhoneSimulator.ActiveCfg = Debug|Any CPU
		{25D8ABAF-2CED-4563-8AF8-390E3AD2BBB9}.Debug|iPhoneSimulator.Build.0 = Debug|Any CPU
		{25D8ABAF-2CED-4563-8AF8-390E3AD2BBB9}.Release|iPhoneSimulator.ActiveCfg = Release|Any CPU
		{25D8ABAF-2CED-4563-8AF8-390E3AD2BBB9}.Release|iPhoneSimulator.Build.0 = Release|Any CPU
		{25D8ABAF-2CED-4563-8AF8-390E3AD2BBB9}.Debug|iPhone.ActiveCfg = Debug|Any CPU
		{25D8ABAF-2CED-4563-8AF8-390E3AD2BBB9}.Debug|iPhone.Build.0 = Debug|Any CPU
		{25D8ABAF-2CED-4563-8AF8-390E3AD2BBB9}.Release|iPhone.ActiveCfg = Release|Any CPU
		{25D8ABAF-2CED-4563-8AF8-390E3AD2BBB9}.Release|iPhone.Build.0 = Release|Any CPU
		{84C49F0C-2B23-4C38-8C48-3E48A4DCCD6B}.Debug|Any CPU.ActiveCfg = Debug|iPhoneSimulator
		{84C49F0C-2B23-4C38-8C48-3E48A4DCCD6B}.Debug|Any CPU.Build.0 = Debug|iPhoneSimulator
		{84C49F0C-2B23-4C38-8C48-3E48A4DCCD6B}.Release|Any CPU.ActiveCfg = Release|iPhoneSimulator
		{84C49F0C-2B23-4C38-8C48-3E48A4DCCD6B}.Release|Any CPU.Build.0 = Release|iPhoneSimulator
		{84C49F0C-2B23-4C38-8C48-3E48A4DCCD6B}.Debug|iPhoneSimulator.ActiveCfg = Debug|iPhoneSimulator
		{84C49F0C-2B23-4C38-8C48-3E48A4DCCD6B}.Debug|iPhoneSimulator.Build.0 = Debug|iPhoneSimulator
		{84C49F0C-2B23-4C38-8C48-3E48A4DCCD6B}.Release|iPhoneSimulator.ActiveCfg = Release|iPhoneSimulator
		{84C49F0C-2B23-4C38-8C48-3E48A4DCCD6B}.Release|iPhoneSimulator.Build.0 = Release|iPhoneSimulator
		{84C49F0C-2B23-4C38-8C48-3E48A4DCCD6B}.Debug|iPhone.ActiveCfg = Debug|iPhone
		{84C49F0C-2B23-4C38-8C48-3E48A4DCCD6B}.Debug|iPhone.Build.0 = Debug|iPhone
		{84C49F0C-2B23-4C38-8C48-3E48A4DCCD6B}.Release|iPhone.ActiveCfg = Release|iPhone
		{84C49F0C-2B23-4C38-8C48-3E48A4DCCD6B}.Release|iPhone.Build.0 = Release|iPhone
		{A95ED6A6-1B52-4971-9051-62784FDCCEB4}.Debug|Any CPU.ActiveCfg = Debug|Any CPU
		{A95ED6A6-1B52-4971-9051-62784FDCCEB4}.Debug|Any CPU.Build.0 = Debug|Any CPU
		{A95ED6A6-1B52-4971-9051-62784FDCCEB4}.Release|Any CPU.ActiveCfg = Release|Any CPU
		{A95ED6A6-1B52-4971-9051-62784FDCCEB4}.Release|Any CPU.Build.0 = Release|Any CPU
		{A95ED6A6-1B52-4971-9051-62784FDCCEB4}.Debug|iPhoneSimulator.ActiveCfg = Debug|Any CPU
		{A95ED6A6-1B52-4971-9051-62784FDCCEB4}.Debug|iPhoneSimulator.Build.0 = Debug|Any CPU
		{A95ED6A6-1B52-4971-9051-62784FDCCEB4}.Release|iPhoneSimulator.ActiveCfg = Release|Any CPU
		{A95ED6A6-1B52-4971-9051-62784FDCCEB4}.Release|iPhoneSimulator.Build.0 = Release|Any CPU
		{A95ED6A6-1B52-4971-9051-62784FDCCEB4}.Debug|iPhone.ActiveCfg = Debug|Any CPU
		{A95ED6A6-1B52-4971-9051-62784FDCCEB4}.Debug|iPhone.Build.0 = Debug|Any CPU
		{A95ED6A6-1B52-4971-9051-62784FDCCEB4}.Release|iPhone.ActiveCfg = Release|Any CPU
		{A95ED6A6-1B52-4971-9051-62784FDCCEB4}.Release|iPhone.Build.0 = Release|Any CPU
	EndGlobalSection
EndGlobal
